
Microsoft Visual Studio Solution File, Format Version 10.00
# Visual Studio 2008
Project("{8BC9CEB8-8B4A-11D0-8D11-00A0C91BC942}") = "XPngTest", "XPngTest.vcproj", "{59B798AB-6EC2-4041-A98C-C2BBFF4C64E7}"
EndProject
Global
	GlobalSection(SolutionConfigurationPlatforms) = preSolution
		Debug|Win32 = Debug|Win32
		Release|Win32 = Release|Win32
	EndGlobalSection
	GlobalSection(ProjectConfigurationPlatforms) = postSolution
		{59B798AB-6EC2-4041-A98C-C2BBFF4C64E7}.Debug|Win32.ActiveCfg = Debug|Win32
		{59B798AB-6EC2-4041-A98C-C2BBFF4C64E7}.Debug|Win32.Build.0 = Debug|Win32
		{59B798AB-6EC2-4041-A98C-C2BBFF4C64E7}.Release|Win32.ActiveCfg = Release|Win32
		{59B798AB-6EC2-4041-A98C-C2BBFF4C64E7}.Release|Win32.Build.0 = Release|Win32
	EndGlobalSection
	GlobalSection(SolutionProperties) = preSolution
		HideSolutionNode = FALSE
	EndGlobalSection
EndGlobal
